{
  "name": "provider_template",
  "lockfileVersion": 3,
  "requires": true,
  "packages": {
    "": {
      "devDependencies": {
        "lefthook": "^1.5.2"
      }
    },
    "node_modules/lefthook": {
      "version": "1.5.2",
      "resolved": "https://registry.npmjs.org/lefthook/-/lefthook-1.5.2.tgz",
      "integrity": "sha512-pksQpriXJArZ5AsSztkFbBVHyttGgQ1tqiUkAWlLKBwqSV/KJdOkS+c/yWo75QB88TgvWyypYWvpUgpqUKlBKQ==",
      "dev": true,
      "hasInstallScript": true,
      "bin": {
        "lefthook": "bin/index.js"
      },
      "optionalDependencies": {
        "lefthook-darwin-arm64": "1.5.2",
        "lefthook-darwin-x64": "1.5.2",
        "lefthook-freebsd-arm64": "1.5.2",
        "lefthook-freebsd-x64": "1.5.2",
        "lefthook-linux-arm64": "1.5.2",
        "lefthook-linux-x64": "1.5.2",
        "lefthook-windows-arm64": "1.5.2",
        "lefthook-windows-x64": "1.5.2"
      }
    },
    "node_modules/lefthook-darwin-arm64": {
      "version": "1.5.2",
      "resolved": "https://registry.npmjs.org/lefthook-darwin-arm64/-/lefthook-darwin-arm64-1.5.2.tgz",
      "integrity": "sha512-uyYEgj4GTytw3g2mMkPBoGAxSYscEqm6yQVuYDcuwE2Ns6+E997KMxVhFXIg+w76zIVmwfBc3ZwP0Ga9Xr1TJQ==",
      "cpu": [
        "arm64"
      ],
      "dev": true,
      "optional": true,
      "os": [
        "darwin"
      ]
    },
    "node_modules/lefthook-darwin-x64": {
      "version": "1.5.2",
      "resolved": "https://registry.npmjs.org/lefthook-darwin-x64/-/lefthook-darwin-x64-1.5.2.tgz",
      "integrity": "sha512-7l6mZ9TGbkLxozN0XHn+io4c9TQIUwT7hOJFAEW7sjKtrmPNLaf+xnATiqSD2DEbG6y6x4n8WF/j95FqkjcZLg==",
      "cpu": [
        "x64"
      ],
      "dev": true,
      "optional": true,
      "os": [
        "darwin"
      ]
    },
    "node_modules/lefthook-freebsd-arm64": {
      "version": "1.5.2",
      "resolved": "https://registry.npmjs.org/lefthook-freebsd-arm64/-/lefthook-freebsd-arm64-1.5.2.tgz",
      "integrity": "sha512-7CqflCMajTEo//gUbwjNpxZYeT+BhPW65RosKfGyOG4jRq1aqW8AoLutu+vx0wsFn/M+S7lcnyxmGWtXur6+mw==",
      "cpu": [
        "arm64"
      ],
      "dev": true,
      "optional": true,
      "os": [
        "freebsd"
      ]
    },
    "node_modules/lefthook-freebsd-x64": {
      "version": "1.5.2",
      "resolved": "https://registry.npmjs.org/lefthook-freebsd-x64/-/lefthook-freebsd-x64-1.5.2.tgz",
      "integrity": "sha512-D6bEvOqipu/NyTTHvjnwGw/2Y03SQhWqs/pUwJOKrb/Za4T91i3fu8ULn4jyafn7Svm1iI/l8EpGPFuzbiaFvQ==",
      "cpu": [
        "x64"
      ],
      "dev": true,
      "optional": true,
      "os": [
        "freebsd"
      ]
    },
    "node_modules/lefthook-linux-arm64": {
      "version": "1.5.2",
      "resolved": "https://registry.npmjs.org/lefthook-linux-arm64/-/lefthook-linux-arm64-1.5.2.tgz",
      "integrity": "sha512-tCfF92enT/RwfWVYxhlCxSnutGuqOkIM0XqoPcQEHJuWIEvaFgZ2VgNnfBTusOffVMGd1Ue2ouU4Z77ZZ8TH0Q==",
      "cpu": [
        "arm64"
      ],
      "dev": true,
      "optional": true,
      "os": [
        "linux"
      ]
    },
    "node_modules/lefthook-linux-x64": {
      "version": "1.5.2",
      "resolved": "https://registry.npmjs.org/lefthook-linux-x64/-/lefthook-linux-x64-1.5.2.tgz",
      "integrity": "sha512-rZeYS7LcLRJAYZsYzS7/uKCQwnNf7clyhpWADIyyIXj73SX3QoF0wBrCMHUMa72zpRsbIu5Sz/SYiTKCcUGU0w==",
      "cpu": [
        "x64"
      ],
      "dev": true,
      "optional": true,
      "os": [
        "linux"
      ]
    },
    "node_modules/lefthook-windows-arm64": {
      "version": "1.5.2",
      "resolved": "https://registry.npmjs.org/lefthook-windows-arm64/-/lefthook-windows-arm64-1.5.2.tgz",
      "integrity": "sha512-jT8Nc5eOfsf1uGYjodODtIEEOEOxvu6GnOPwpvlWwAG693abA+eocdjRB855sa1RR4CekmcKXi7/1E6iVHzY5A==",
      "cpu": [
        "arm64"
      ],
      "dev": true,
      "optional": true,
      "os": [
        "win32"
      ]
    },
    "node_modules/lefthook-windows-x64": {
      "version": "1.5.2",
      "resolved": "https://registry.npmjs.org/lefthook-windows-x64/-/lefthook-windows-x64-1.5.2.tgz",
      "integrity": "sha512-tPN0957RhpPC74aUTDk6+wYcU46K2js6oQcLipurQJvD5LAsS8h2HcXePBnsiLQjpOcRt0aLWHQnNS7ilTxVPw==",
      "cpu": [
        "x64"
      ],
      "dev": true,
      "optional": true,
      "os": [
        "win32"
      ]
    }
  }
}
